
Microsoft Visual Studio Solution File, Format Version 12.00
# Visual Studio 15
VisualStudioVersion = 15.0.27428.2043
MinimumVisualStudioVersion = 10.0.40219.1
Project("{8BC9CEB8-8B4A-11D0-8D11-00A0C91BC942}") = "2n3LAB", "2n3LAB\2n3LAB.vcxproj", "{822C5992-41FB-45D0-B6B9-B5AFA3C2F3AD}"
EndProject
Global
	GlobalSection(SolutionConfigurationPlatforms) = preSolution
		Debug|x64 = Debug|x64
		Debug|x86 = Debug|x86
		Release|x64 = Release|x64
		Release|x86 = Release|x86
	EndGlobalSection
	GlobalSection(ProjectConfigurationPlatforms) = postSolution
		{822C5992-41FB-45D0-B6B9-B5AFA3C2F3AD}.Debug|x64.ActiveCfg = Debug|x64
		{822C5992-41FB-45D0-B6B9-B5AFA3C2F3AD}.Debug|x64.Build.0 = Debug|x64
		{822C5992-41FB-45D0-B6B9-B5AFA3C2F3AD}.Debug|x86.ActiveCfg = Debug|Win32
		{822C5992-41FB-45D0-B6B9-B5AFA3C2F3AD}.Debug|x86.Build.0 = Debug|Win32
		{822C5992-41FB-45D0-B6B9-B5AFA3C2F3AD}.Release|x64.ActiveCfg = Release|x64
		{822C5992-41FB-45D0-B6B9-B5AFA3C2F3AD}.Release|x64.Build.0 = Release|x64
		{822C5992-41FB-45D0-B6B9-B5AFA3C2F3AD}.Release|x86.ActiveCfg = Release|Win32
		{822C5992-41FB-45D0-B6B9-B5AFA3C2F3AD}.Release|x86.Build.0 = Release|Win32
	EndGlobalSection
	GlobalSection(SolutionProperties) = preSolution
		HideSolutionNode = FALSE
	EndGlobalSection
	GlobalSection(ExtensibilityGlobals) = postSolution
		SolutionGuid = {B8EB516E-0731-4943-B89B-872E096EA57C}
	EndGlobalSection
EndGlobal
